
Microsoft Visual Studio Solution File, Format Version 12.00
# Visual Studio Version 17
VisualStudioVersion = 17.0.31903.59
MinimumVisualStudioVersion = 10.0.40219.1
Project("{FAE04EC0-301F-11D3-BF4B-00C04F79EFBC}") = "XomNghien.Bootstrap", "src/XomNghien.Bootstrap/XomNghien.Bootstrap.csproj", "{70F69A29-8970-4CB9-AC60-77B37A92B0EE}"
EndProject
Project("{FAE04EC0-301F-11D3-BF4B-00C04F79EFBC}") = "XomNghien.Bootstrap.Tests", "tests/XomNghien.Bootstrap.Tests/XomNghien.Bootstrap.Tests.csproj", "{6A7EC8F4-69A3-4319-83E6-4088F7C69871}"
EndProject
Project("{FAE04EC0-301F-11D3-BF4B-00C04F79EFBC}") = "XomNghien.RuntimeUpdater", "src/XomNghien.RuntimeUpdater/XomNghien.RuntimeUpdater.csproj", "{A510C297-1C0A-4549-9703-31CA8E835C12}"
EndProject
Global
	GlobalSection(SolutionConfigurationPlatforms) = preSolution
		Debug|Any CPU = Debug|Any CPU
		Release|Any CPU = Release|Any CPU
	EndGlobalSection
	GlobalSection(ProjectConfigurationPlatforms) = postSolution
		{70F69A29-8970-4CB9-AC60-77B37A92B0EE}.Debug|Any CPU.ActiveCfg = Debug|Any CPU
		{70F69A29-8970-4CB9-AC60-77B37A92B0EE}.Debug|Any CPU.Build.0 = Debug|Any CPU
		{70F69A29-8970-4CB9-AC60-77B37A92B0EE}.Release|Any CPU.ActiveCfg = Release|Any CPU
		{70F69A29-8970-4CB9-AC60-77B37A92B0EE}.Release|Any CPU.Build.0 = Release|Any CPU
		{6A7EC8F4-69A3-4319-83E6-4088F7C69871}.Debug|Any CPU.ActiveCfg = Debug|Any CPU
		{6A7EC8F4-69A3-4319-83E6-4088F7C69871}.Debug|Any CPU.Build.0 = Debug|Any CPU
		{6A7EC8F4-69A3-4319-83E6-4088F7C69871}.Release|Any CPU.ActiveCfg = Release|Any CPU
		{6A7EC8F4-69A3-4319-83E6-4088F7C69871}.Release|Any CPU.Build.0 = Release|Any CPU
		{A510C297-1C0A-4549-9703-31CA8E835C12}.Debug|Any CPU.ActiveCfg = Debug|Any CPU
		{A510C297-1C0A-4549-9703-31CA8E835C12}.Debug|Any CPU.Build.0 = Debug|Any CPU
		{A510C297-1C0A-4549-9703-31CA8E835C12}.Release|Any CPU.ActiveCfg = Release|Any CPU
		{A510C297-1C0A-4549-9703-31CA8E835C12}.Release|Any CPU.Build.0 = Release|Any CPU
	EndGlobalSection
EndGlobal
